{
  "name": "dropwhile",
  "lockfileVersion": 3,
  "requires": true,
  "packages": {
    "": {
      "dependencies": {
        "lodash.dropwhile": "^4.6.0"
      }
    },
    "node_modules/lodash.dropwhile": {
      "version": "4.6.0",
      "resolved": "https://registry.npmjs.org/lodash.dropwhile/-/lodash.dropwhile-4.6.0.tgz",
      "integrity": "sha512-DFCu8yG9Es5JY2Ah0d+nU6GYsh1ZIxQYkwoAvoB8+Gojt7sVqDKK0cQyrKoc9cZGTzMNx5Sv7fJTxY3pYzNggA==",
      "license": "MIT"
    }
  }
}
